// !$*UTF8*$!
{
	archiveVersion = 1;
	classes = {
	};
	objectVersion = 56;
	objects = {

/* Begin PBXBuildFile section */
		95BBB96E295185020066E80A /* SwiftUI_SpotifyAppApp.swift in Sources */ = {isa = PBXBuildFile; fileRef = 95BBB96D295185020066E80A /* SwiftUI_SpotifyAppApp.swift */; };
		95BBB970295185020066E80A /* ContentView.swift in Sources */ = {isa = PBXBuildFile; fileRef = 95BBB96F295185020066E80A /* ContentView.swift */; };
		95BBB972295185040066E80A /* Assets.xcassets in Resources */ = {isa = PBXBuildFile; fileRef = 95BBB971295185040066E80A /* Assets.xcassets */; };
		95BBB975295185040066E80A /* Preview Assets.xcassets in Resources */ = {isa = PBXBuildFile; fileRef = 95BBB974295185040066E80A /* Preview Assets.xcassets */; };
		95BBB97F295185040066E80A /* SwiftUI_SpotifyAppTests.swift in Sources */ = {isa = PBXBuildFile; fileRef = 95BBB97E295185040066E80A /* SwiftUI_SpotifyAppTests.swift */; };
		95BBB989295185040066E80A /* SwiftUI_SpotifyAppUITests.swift in Sources */ = {isa = PBXBuildFile; fileRef = 95BBB988295185040066E80A /* SwiftUI_SpotifyAppUITests.swift */; };
		95BBB98B295185040066E80A /* SwiftUI_SpotifyAppUITestsLaunchTests.swift in Sources */ = {isa = PBXBuildFile; fileRef = 95BBB98A295185040066E80A /* SwiftUI_SpotifyAppUITestsLaunchTests.swift */; };
		95BBB99A295186BE0066E80A /* HomeView.swift in Sources */ = {isa = PBXBuildFile; fileRef = 95BBB999295186BE0066E80A /* HomeView.swift */; };
		95BBB99C295186CF0066E80A /* SearchView.swift in Sources */ = {isa = PBXBuildFile; fileRef = 95BBB99B295186CF0066E80A /* SearchView.swift */; };
		95BBB99E295186DF0066E80A /* MyLibraryView.swift in Sources */ = {isa = PBXBuildFile; fileRef = 95BBB99D295186DF0066E80A /* MyLibraryView.swift */; };
/* End PBXBuildFile section */

/* Begin PBXContainerItemProxy section */
		95BBB97B295185040066E80A /* PBXContainerItemProxy */ = {
			isa = PBXContainerItemProxy;
			containerPortal = 95BBB962295185020066E80A /* Project object */;
			proxyType = 1;
			remoteGlobalIDString = 95BBB969295185020066E80A;
			remoteInfo = "SwiftUI-SpotifyApp";
		};
		95BBB985295185040066E80A /* PBXContainerItemProxy */ = {
			isa = PBXContainerItemProxy;
			containerPortal = 95BBB962295185020066E80A /* Project object */;
			proxyType = 1;
			remoteGlobalIDString = 95BBB969295185020066E80A;
			remoteInfo = "SwiftUI-SpotifyApp";
		};
/* End PBXContainerItemProxy section */

/* Begin PBXFileReference section */
		95BBB96A295185020066E80A /* SwiftUI-SpotifyApp.app */ = {isa = PBXFileReference; explicitFileType = wrapper.application; includeInIndex = 0; path = "SwiftUI-SpotifyApp.app"; sourceTree = BUILT_PRODUCTS_DIR; };
		95BBB96D295185020066E80A /* SwiftUI_SpotifyAppApp.swift */ = {isa = PBXFileReference; lastKnownFileType = sourcecode.swift; path = SwiftUI_SpotifyAppApp.swift; sourceTree = "<group>"; };
		95BBB96F295185020066E80A /* ContentView.swift */ = {isa = PBXFileReference; lastKnownFileType = sourcecode.swift; path = ContentView.swift; sourceTree = "<group>"; };
		95BBB971295185040066E80A /* Assets.xcassets */ = {isa = PBXFileReference; lastKnownFileType = folder.assetcatalog; path = Assets.xcassets; sourceTree = "<group>"; };
		95BBB974295185040066E80A /* Preview Assets.xcassets */ = {isa = PBXFileReference; lastKnownFileType = folder.assetcatalog; path = "Preview Assets.xcassets"; sourceTree = "<group>"; };
		95BBB97A295185040066E80A /* SwiftUI-SpotifyAppTests.xctest */ = {isa = PBXFileReference; explicitFileType = wrapper.cfbundle; includeInIndex = 0; path = "SwiftUI-SpotifyAppTests.xctest"; sourceTree = BUILT_PRODUCTS_DIR; };
		95BBB97E295185040066E80A /* SwiftUI_SpotifyAppTests.swift */ = {isa = PBXFileReference; lastKnownFileType = sourcecode.swift; path = SwiftUI_SpotifyAppTests.swift; sourceTree = "<group>"; };
		95BBB984295185040066E80A /* SwiftUI-SpotifyAppUITests.xctest */ = {isa = PBXFileReference; explicitFileType = wrapper.cfbundle; includeInIndex = 0; path = "SwiftUI-SpotifyAppUITests.xctest"; sourceTree = BUILT_PRODUCTS_DIR; };
		95BBB988295185040066E80A /* SwiftUI_SpotifyAppUITests.swift */ = {isa = PBXFileReference; lastKnownFileType = sourcecode.swift; path = SwiftUI_SpotifyAppUITests.swift; sourceTree = "<group>"; };
		95BBB98A295185040066E80A /* SwiftUI_SpotifyAppUITestsLaunchTests.swift */ = {isa = PBXFileReference; lastKnownFileType = sourcecode.swift; path = SwiftUI_SpotifyAppUITestsLaunchTests.swift; sourceTree = "<group>"; };
		95BBB999295186BE0066E80A /* HomeView.swift */ = {isa = PBXFileReference; lastKnownFileType = sourcecode.swift; path = HomeView.swift; sourceTree = "<group>"; };
		95BBB99B295186CF0066E80A /* SearchView.swift */ = {isa = PBXFileReference; lastKnownFileType = sourcecode.swift; path = SearchView.swift; sourceTree = "<group>"; };
		95BBB99D295186DF0066E80A /* MyLibraryView.swift */ = {isa = PBXFileReference; lastKnownFileType = sourcecode.swift; path = MyLibraryView.swift; sourceTree = "<group>"; };
/* End PBXFileReference section */

/* Begin PBXFrameworksBuildPhase section */
		95BBB967295185020066E80A /* Frameworks */ = {
			isa = PBXFrameworksBuildPhase;
			buildActionMask = 2147483647;
			files = (
			);
			runOnlyForDeploymentPostprocessing = 0;
		};
		95BBB977295185040066E80A /* Frameworks */ = {
			isa = PBXFrameworksBuildPhase;
			buildActionMask = 2147483647;
			files = (
			);
			runOnlyForDeploymentPostprocessing = 0;
		};
		95BBB981295185040066E80A /* Frameworks */ = {
			isa = PBXFrameworksBuildPhase;
			buildActionMask = 2147483647;
			files = (
			);
			runOnlyForDeploymentPostprocessing = 0;
		};
/* End PBXFrameworksBuildPhase section */

/* Begin PBXGroup section */
		954254CC29554936003690D2 /* Home */ = {
			isa = PBXGroup;
			children = (
				95BBB999295186BE0066E80A /* HomeView.swift */,
			);
			path = Home;
			sourceTree = "<group>";
		};
		954254CD2955493F003690D2 /* Search */ = {
			isa = PBXGroup;
			children = (
				95BBB99B295186CF0066E80A /* SearchView.swift */,
			);
			path = Search;
			sourceTree = "<group>";
		};
		954254CE29554946003690D2 /* MyLibrary */ = {
			isa = PBXGroup;
			children = (
				95BBB99D295186DF0066E80A /* MyLibraryView.swift */,
			);
			path = MyLibrary;
			sourceTree = "<group>";
		};
		95BBB961295185020066E80A = {
			isa = PBXGroup;
			children = (
				95BBB96C295185020066E80A /* SwiftUI-SpotifyApp */,
				95BBB97D295185040066E80A /* SwiftUI-SpotifyAppTests */,
				95BBB987295185040066E80A /* SwiftUI-SpotifyAppUITests */,
				95BBB96B295185020066E80A /* Products */,
			);
			sourceTree = "<group>";
		};
		95BBB96B295185020066E80A /* Products */ = {
			isa = PBXGroup;
			children = (
				95BBB96A295185020066E80A /* SwiftUI-SpotifyApp.app */,
				95BBB97A295185040066E80A /* SwiftUI-SpotifyAppTests.xctest */,
				95BBB984295185040066E80A /* SwiftUI-SpotifyAppUITests.xctest */,
			);
			name = Products;
			sourceTree = "<group>";
		};
		95BBB96C295185020066E80A /* SwiftUI-SpotifyApp */ = {
			isa = PBXGroup;
			children = (
				95BBB99F295186E90066E80A /* Content */,
				95BBB998295185A30066E80A /* Views */,
				95BBB997295185960066E80A /* Model */,
				95BBB96D295185020066E80A /* SwiftUI_SpotifyAppApp.swift */,
				95BBB971295185040066E80A /* Assets.xcassets */,
				95BBB973295185040066E80A /* Preview Content */,
			);
			path = "SwiftUI-SpotifyApp";
			sourceTree = "<group>";
		};
		95BBB973295185040066E80A /* Preview Content */ = {
			isa = PBXGroup;
			children = (
				95BBB974295185040066E80A /* Preview Assets.xcassets */,
			);
			path = "Preview Content";
			sourceTree = "<group>";
		};
		95BBB97D295185040066E80A /* SwiftUI-SpotifyAppTests */ = {
			isa = PBXGroup;
			children = (
				95BBB97E295185040066E80A /* SwiftUI_SpotifyAppTests.swift */,
			);
			path = "SwiftUI-SpotifyAppTests";
			sourceTree = "<group>";
		};
		95BBB987295185040066E80A /* SwiftUI-SpotifyAppUITests */ = {
			isa = PBXGroup;
			children = (
				95BBB988295185040066E80A /* SwiftUI_SpotifyAppUITests.swift */,
				95BBB98A295185040066E80A /* SwiftUI_SpotifyAppUITestsLaunchTests.swift */,
			);
			path = "SwiftUI-SpotifyAppUITests";
			sourceTree = "<group>";
		};
		95BBB997295185960066E80A /* Model */ = {
			isa = PBXGroup;
			children = (
			);
			path = Model;
			sourceTree = "<group>";
		};
		95BBB998295185A30066E80A /* Views */ = {
			isa = PBXGroup;
			children = (
				954254CE29554946003690D2 /* MyLibrary */,
				954254CD2955493F003690D2 /* Search */,
				954254CC29554936003690D2 /* Home */,
			);
			path = Views;
			sourceTree = "<group>";
		};
		95BBB99F295186E90066E80A /* Content */ = {
			isa = PBXGroup;
			children = (
				95BBB96F295185020066E80A /* ContentView.swift */,
			);
			path = Content;
			sourceTree = "<group>";
		};
/* End PBXGroup section */

/* Begin PBXNativeTarget section */
		95BBB969295185020066E80A /* SwiftUI-SpotifyApp */ = {
			isa = PBXNativeTarget;
			buildConfigurationList = 95BBB98E295185040066E80A /* Build configuration list for PBXNativeTarget "SwiftUI-SpotifyApp" */;
			buildPhases = (
				95BBB966295185020066E80A /* Sources */,
				95BBB967295185020066E80A /* Frameworks */,
				95BBB968295185020066E80A /* Resources */,
			);
			buildRules = (
			);
			dependencies = (
			);
			name = "SwiftUI-SpotifyApp";
			productName = "SwiftUI-SpotifyApp";
			productReference = 95BBB96A295185020066E80A /* SwiftUI-SpotifyApp.app */;
			productType = "com.apple.product-type.application";
		};
		95BBB979295185040066E80A /* SwiftUI-SpotifyAppTests */ = {
			isa = PBXNativeTarget;
			buildConfigurationList = 95BBB991295185040066E80A /* Build configuration list for PBXNativeTarget "SwiftUI-SpotifyAppTests" */;
			buildPhases = (
				95BBB976295185040066E80A /* Sources */,
				95BBB977295185040066E80A /* Frameworks */,
				95BBB978295185040066E80A /* Resources */,
			);
			buildRules = (
			);
			dependencies = (
				95BBB97C295185040066E80A /* PBXTargetDependency */,
			);
			name = "SwiftUI-SpotifyAppTests";
			productName = "SwiftUI-SpotifyAppTests";
			productReference = 95BBB97A295185040066E80A /* SwiftUI-SpotifyAppTests.xctest */;
			productType = "com.apple.product-type.bundle.unit-test";
		};
		95BBB983295185040066E80A /* SwiftUI-SpotifyAppUITests */ = {
			isa = PBXNativeTarget;
			buildConfigurationList = 95BBB994295185040066E80A /* Build configuration list for PBXNativeTarget "SwiftUI-SpotifyAppUITests" */;
			buildPhases = (
				95BBB980295185040066E80A /* Sources */,
				95BBB981295185040066E80A /* Frameworks */,
				95BBB982295185040066E80A /* Resources */,
			);
			buildRules = (
			);
			dependencies = (
				95BBB986295185040066E80A /* PBXTargetDependency */,
			);
			name = "SwiftUI-SpotifyAppUITests";
			productName = "SwiftUI-SpotifyAppUITests";
			productReference = 95BBB984295185040066E80A /* SwiftUI-SpotifyAppUITests.xctest */;
			productType = "com.apple.product-type.bundle.ui-testing";
		};
/* End PBXNativeTarget section */

/* Begin PBXProject section */
		95BBB962295185020066E80A /* Project object */ = {
			isa = PBXProject;
			attributes = {
				BuildIndependentTargetsInParallel = 1;
				LastSwiftUpdateCheck = 1420;
				LastUpgradeCheck = 1420;
				TargetAttributes = {
					95BBB969295185020066E80A = {
						CreatedOnToolsVersion = 14.2;
					};
					95BBB979295185040066E80A = {
						CreatedOnToolsVersion = 14.2;
						TestTargetID = 95BBB969295185020066E80A;
					};
					95BBB983295185040066E80A = {
						CreatedOnToolsVersion = 14.2;
						TestTargetID = 95BBB969295185020066E80A;
					};
				};
			};
			buildConfigurationList = 95BBB965295185020066E80A /* Build configuration list for PBXProject "SwiftUI-SpotifyApp" */;
			compatibilityVersion = "Xcode 14.0";
			developmentRegion = en;
			hasScannedForEncodings = 0;
			knownRegions = (
				en,
				Base,
			);
			mainGroup = 95BBB961295185020066E80A;
			productRefGroup = 95BBB96B295185020066E80A /* Products */;
			projectDirPath = "";
			projectRoot = "";
			targets = (
				95BBB969295185020066E80A /* SwiftUI-SpotifyApp */,
				95BBB979295185040066E80A /* SwiftUI-SpotifyAppTests */,
				95BBB983295185040066E80A /* SwiftUI-SpotifyAppUITests */,
			);
		};
/* End PBXProject section */

/* Begin PBXResourcesBuildPhase section */
		95BBB968295185020066E80A /* Resources */ = {
			isa = PBXResourcesBuildPhase;
			buildActionMask = 2147483647;
			files = (
				95BBB975295185040066E80A /* Preview Assets.xcassets in Resources */,
				95BBB972295185040066E80A /* Assets.xcassets in Resources */,
			);
			runOnlyForDeploymentPostprocessing = 0;
		};
		95BBB978295185040066E80A /* Resources */ = {
			isa = PBXResourcesBuildPhase;
			buildActionMask = 2147483647;
			files = (
			);
			runOnlyForDeploymentPostprocessing = 0;
		};
		95BBB982295185040066E80A /* Resources */ = {
			isa = PBXResourcesBuildPhase;
			buildActionMask = 2147483647;
			files = (
			);
			runOnlyForDeploymentPostprocessing = 0;
		};
/* End PBXResourcesBuildPhase section */

/* Begin PBXSourcesBuildPhase section */
		95BBB966295185020066E80A /* Sources */ = {
			isa = PBXSourcesBuildPhase;
			buildActionMask = 2147483647;
			files = (
				95BBB99E295186DF0066E80A /* MyLibraryView.swift in Sources */,
				95BBB99C295186CF0066E80A /* SearchView.swift in Sources */,
				95BBB99A295186BE0066E80A /* HomeView.swift in Sources */,
				95BBB970295185020066E80A /* ContentView.swift in Sources */,
				95BBB96E295185020066E80A /* SwiftUI_SpotifyAppApp.swift in Sources */,
			);
			runOnlyForDeploymentPostprocessing = 0;
		};
		95BBB976295185040066E80A /* Sources */ = {
			isa = PBXSourcesBuildPhase;
			buildActionMask = 2147483647;
			files = (
				95BBB97F295185040066E80A /* SwiftUI_SpotifyAppTests.swift in Sources */,
			);
			runOnlyForDeploymentPostprocessing = 0;
		};
		95BBB980295185040066E80A /* Sources */ = {
			isa = PBXSourcesBuildPhase;
			buildActionMask = 2147483647;
			files = (
				95BBB989295185040066E80A /* SwiftUI_SpotifyAppUITests.swift in Sources */,
				95BBB98B295185040066E80A /* SwiftUI_SpotifyAppUITestsLaunchTests.swift in Sources */,
			);
			runOnlyForDeploymentPostprocessing = 0;
		};
/* End PBXSourcesBuildPhase section */

/* Begin PBXTargetDependency section */
		95BBB97C295185040066E80A /* PBXTargetDependency */ = {
			isa = PBXTargetDependency;
			target = 95BBB969295185020066E80A /* SwiftUI-SpotifyApp */;
			targetProxy = 95BBB97B295185040066E80A /* PBXContainerItemProxy */;
		};
		95BBB986295185040066E80A /* PBXTargetDependency */ = {
			isa = PBXTargetDependency;
			target = 95BBB969295185020066E80A /* SwiftUI-SpotifyApp */;
			targetProxy = 95BBB985295185040066E80A /* PBXContainerItemProxy */;
		};
/* End PBXTargetDependency section */

/* Begin XCBuildConfiguration section */
		95BBB98C295185040066E80A /* Debug */ = {
			isa = XCBuildConfiguration;
			buildSettings = {
				ALWAYS_SEARCH_USER_PATHS = NO;
				CLANG_ANALYZER_NONNULL = YES;
				CLANG_ANALYZER_NUMBER_OBJECT_CONVERSION = YES_AGGRESSIVE;
				CLANG_CXX_LANGUAGE_STANDARD = "gnu++20";
				CLANG_ENABLE_MODULES = YES;
				CLANG_ENABLE_OBJC_ARC = YES;
				CLANG_ENABLE_OBJC_WEAK = YES;
				CLANG_WARN_BLOCK_CAPTURE_AUTORELEASING = YES;
				CLANG_WARN_BOOL_CONVERSION = YES;
				CLANG_WARN_COMMA = YES;
				CLANG_WARN_CONSTANT_CONVERSION = YES;
				CLANG_WARN_DEPRECATED_OBJC_IMPLEMENTATIONS = YES;
				CLANG_WARN_DIRECT_OBJC_ISA_USAGE = YES_ERROR;
				CLANG_WARN_DOCUMENTATION_COMMENTS = YES;
				CLANG_WARN_EMPTY_BODY = YES;
				CLANG_WARN_ENUM_CONVERSION = YES;
				CLANG_WARN_INFINITE_RECURSION = YES;
				CLANG_WARN_INT_CONVERSION = YES;
				CLANG_WARN_NON_LITERAL_NULL_CONVERSION = YES;
				CLANG_WARN_OBJC_IMPLICIT_RETAIN_SELF = YES;
				CLANG_WARN_OBJC_LITERAL_CONVERSION = YES;
				CLANG_WARN_OBJC_ROOT_CLASS = YES_ERROR;
				CLANG_WARN_QUOTED_INCLUDE_IN_FRAMEWORK_HEADER = YES;
				CLANG_WARN_RANGE_LOOP_ANALYSIS = YES;
				CLANG_WARN_STRICT_PROTOTYPES = YES;
				CLANG_WARN_SUSPICIOUS_MOVE = YES;
				CLANG_WARN_UNGUARDED_AVAILABILITY = YES_AGGRESSIVE;
				CLANG_WARN_UNREACHABLE_CODE = YES;
				CLANG_WARN__DUPLICATE_METHOD_MATCH = YES;
				COPY_PHASE_STRIP = NO;
				DEBUG_INFORMATION_FORMAT = dwarf;
				ENABLE_STRICT_OBJC_MSGSEND = YES;
				ENABLE_TESTABILITY = YES;
				GCC_C_LANGUAGE_STANDARD = gnu11;
				GCC_DYNAMIC_NO_PIC = NO;
				GCC_NO_COMMON_BLOCKS = YES;
				GCC_OPTIMIZATION_LEVEL = 0;
				GCC_PREPROCESSOR_DEFINITIONS = (
					"DEBUG=1",
					"$(inherited)",
				);
				GCC_WARN_64_TO_32_BIT_CONVERSION = YES;
				GCC_WARN_ABOUT_RETURN_TYPE = YES_ERROR;
				GCC_WARN_UNDECLARED_SELECTOR = YES;
				GCC_WARN_UNINITIALIZED_AUTOS = YES_AGGRESSIVE;
				GCC_WARN_UNUSED_FUNCTION = YES;
				GCC_WARN_UNUSED_VARIABLE = YES;
				IPHONEOS_DEPLOYMENT_TARGET = 16.2;
				MTL_ENABLE_DEBUG_INFO = INCLUDE_SOURCE;
				MTL_FAST_MATH = YES;
				ONLY_ACTIVE_ARCH = YES;
				SDKROOT = iphoneos;
				SWIFT_ACTIVE_COMPILATION_CONDITIONS = DEBUG;
				SWIFT_OPTIMIZATION_LEVEL = "-Onone";
			};
			name = Debug;
		};
		95BBB98D295185040066E80A /* Release */ = {
			isa = XCBuildConfiguration;
			buildSettings = {
				ALWAYS_SEARCH_USER_PATHS = NO;
				CLANG_ANALYZER_NONNULL = YES;
				CLANG_ANALYZER_NUMBER_OBJECT_CONVERSION = YES_AGGRESSIVE;
				CLANG_CXX_LANGUAGE_STANDARD = "gnu++20";
				CLANG_ENABLE_MODULES = YES;
				CLANG_ENABLE_OBJC_ARC = YES;
				CLANG_ENABLE_OBJC_WEAK = YES;
				CLANG_WARN_BLOCK_CAPTURE_AUTORELEASING = YES;
				CLANG_WARN_BOOL_CONVERSION = YES;
				CLANG_WARN_COMMA = YES;
				CLANG_WARN_CONSTANT_CONVERSION = YES;
				CLANG_WARN_DEPRECATED_OBJC_IMPLEMENTATIONS = YES;
				CLANG_WARN_DIRECT_OBJC_ISA_USAGE = YES_ERROR;
				CLANG_WARN_DOCUMENTATION_COMMENTS = YES;
				CLANG_WARN_EMPTY_BODY = YES;
				CLANG_WARN_ENUM_CONVERSION = YES;
				CLANG_WARN_INFINITE_RECURSION = YES;
				CLANG_WARN_INT_CONVERSION = YES;
				CLANG_WARN_NON_LITERAL_NULL_CONVERSION = YES;
				CLANG_WARN_OBJC_IMPLICIT_RETAIN_SELF = YES;
				CLANG_WARN_OBJC_LITERAL_CONVERSION = YES;
				CLANG_WARN_OBJC_ROOT_CLASS = YES_ERROR;
				CLANG_WARN_QUOTED_INCLUDE_IN_FRAMEWORK_HEADER = YES;
				CLANG_WARN_RANGE_LOOP_ANALYSIS = YES;
				CLANG_WARN_STRICT_PROTOTYPES = YES;
				CLANG_WARN_SUSPICIOUS_MOVE = YES;
				CLANG_WARN_UNGUARDED_AVAILABILITY = YES_AGGRESSIVE;
				CLANG_WARN_UNREACHABLE_CODE = YES;
				CLANG_WARN__DUPLICATE_METHOD_MATCH = YES;
				COPY_PHASE_STRIP = NO;
				DEBUG_INFORMATION_FORMAT = "dwarf-with-dsym";
				ENABLE_NS_ASSERTIONS = NO;
				ENABLE_STRICT_OBJC_MSGSEND = YES;
				GCC_C_LANGUAGE_STANDARD = gnu11;
				GCC_NO_COMMON_BLOCKS = YES;
				GCC_WARN_64_TO_32_BIT_CONVERSION = YES;
				GCC_WARN_ABOUT_RETURN_TYPE = YES_ERROR;
				GCC_WARN_UNDECLARED_SELECTOR = YES;
				GCC_WARN_UNINITIALIZED_AUTOS = YES_AGGRESSIVE;
				GCC_WARN_UNUSED_FUNCTION = YES;
				GCC_WARN_UNUSED_VARIABLE = YES;
				IPHONEOS_DEPLOYMENT_TARGET = 16.2;
				MTL_ENABLE_DEBUG_INFO = NO;
				MTL_FAST_MATH = YES;
				SDKROOT = iphoneos;
				SWIFT_COMPILATION_MODE = wholemodule;
				SWIFT_OPTIMIZATION_LEVEL = "-O";
				VALIDATE_PRODUCT = YES;
			};
			name = Release;
		};
		95BBB98F295185040066E80A /* Debug */ = {
			isa = XCBuildConfiguration;
			buildSettings = {
				ASSETCATALOG_COMPILER_APPICON_NAME = AppIcon;
				ASSETCATALOG_COMPILER_GLOBAL_ACCENT_COLOR_NAME = AccentColor;
				CODE_SIGN_STYLE = Automatic;
				CURRENT_PROJECT_VERSION = 1;
				DEVELOPMENT_ASSET_PATHS = "\"SwiftUI-SpotifyApp/Preview Content\"";
				DEVELOPMENT_TEAM = 7X9S244452;
				ENABLE_PREVIEWS = YES;
				GENERATE_INFOPLIST_FILE = YES;
				INFOPLIST_KEY_UIApplicationSceneManifest_Generation = YES;
				INFOPLIST_KEY_UIApplicationSupportsIndirectInputEvents = YES;
				INFOPLIST_KEY_UILaunchScreen_Generation = YES;
				INFOPLIST_KEY_UISupportedInterfaceOrientations_iPad = "UIInterfaceOrientationPortrait UIInterfaceOrientationPortraitUpsideDown UIInterfaceOrientationLandscapeLeft UIInterfaceOrientationLandscapeRight";
				INFOPLIST_KEY_UISupportedInterfaceOrientations_iPhone = "UIInterfaceOrientationPortrait UIInterfaceOrientationLandscapeLeft UIInterfaceOrientationLandscapeRight";
				LD_RUNPATH_SEARCH_PATHS = (
					"$(inherited)",
					"@executable_path/Frameworks",
				);
				MARKETING_VERSION = 1.0;
				PRODUCT_BUNDLE_IDENTIFIER = "com.mkondo.SwiftUI-SpotifyApp";
				PRODUCT_NAME = "$(TARGET_NAME)";
				SWIFT_EMIT_LOC_STRINGS = YES;
				SWIFT_VERSION = 5.0;
				TARGETED_DEVICE_FAMILY = "1,2";
			};
			name = Debug;
		};
		95BBB990295185040066E80A /* Release */ = {
			isa = XCBuildConfiguration;
			buildSettings = {
				ASSETCATALOG_COMPILER_APPICON_NAME = AppIcon;
				ASSETCATALOG_COMPILER_GLOBAL_ACCENT_COLOR_NAME = AccentColor;
				CODE_SIGN_STYLE = Automatic;
				CURRENT_PROJECT_VERSION = 1;
				DEVELOPMENT_ASSET_PATHS = "\"SwiftUI-SpotifyApp/Preview Content\"";
				DEVELOPMENT_TEAM = 7X9S244452;
				ENABLE_PREVIEWS = YES;
				GENERATE_INFOPLIST_FILE = YES;
				INFOPLIST_KEY_UIApplicationSceneManifest_Generation = YES;
				INFOPLIST_KEY_UIApplicationSupportsIndirectInputEvents = YES;
				INFOPLIST_KEY_UILaunchScreen_Generation = YES;
				INFOPLIST_KEY_UISupportedInterfaceOrientations_iPad = "UIInterfaceOrientationPortrait UIInterfaceOrientationPortraitUpsideDown UIInterfaceOrientationLandscapeLeft UIInterfaceOrientationLandscapeRight";
				INFOPLIST_KEY_UISupportedInterfaceOrientations_iPhone = "UIInterfaceOrientationPortrait UIInterfaceOrientationLandscapeLeft UIInterfaceOrientationLandscapeRight";
				LD_RUNPATH_SEARCH_PATHS = (
					"$(inherited)",
					"@executable_path/Frameworks",
				);
				MARKETING_VERSION = 1.0;
				PRODUCT_BUNDLE_IDENTIFIER = "com.mkondo.SwiftUI-SpotifyApp";
				PRODUCT_NAME = "$(TARGET_NAME)";
				SWIFT_EMIT_LOC_STRINGS = YES;
				SWIFT_VERSION = 5.0;
				TARGETED_DEVICE_FAMILY = "1,2";
			};
			name = Release;
		};
		95BBB992295185040066E80A /* Debug */ = {
			isa = XCBuildConfiguration;
			buildSettings = {
				ALWAYS_EMBED_SWIFT_STANDARD_LIBRARIES = YES;
				BUNDLE_LOADER = "$(TEST_HOST)";
				CODE_SIGN_STYLE = Automatic;
				CURRENT_PROJECT_VERSION = 1;
				DEVELOPMENT_TEAM = 7X9S244452;
				GENERATE_INFOPLIST_FILE = YES;
				IPHONEOS_DEPLOYMENT_TARGET = 16.2;
				MARKETING_VERSION = 1.0;
				PRODUCT_BUNDLE_IDENTIFIER = "com.mkondo.SwiftUI-SpotifyAppTests";
				PRODUCT_NAME = "$(TARGET_NAME)";
				SWIFT_EMIT_LOC_STRINGS = NO;
				SWIFT_VERSION = 5.0;
				TARGETED_DEVICE_FAMILY = "1,2";
				TEST_HOST = "$(BUILT_PRODUCTS_DIR)/SwiftUI-SpotifyApp.app/$(BUNDLE_EXECUTABLE_FOLDER_PATH)/SwiftUI-SpotifyApp";
			};
			name = Debug;
		};
		95BBB993295185040066E80A /* Release */ = {
			isa = XCBuildConfiguration;
			buildSettings = {
				ALWAYS_EMBED_SWIFT_STANDARD_LIBRARIES = YES;
				BUNDLE_LOADER = "$(TEST_HOST)";
				CODE_SIGN_STYLE = Automatic;
				CURRENT_PROJECT_VERSION = 1;
				DEVELOPMENT_TEAM = 7X9S244452;
				GENERATE_INFOPLIST_FILE = YES;
				IPHONEOS_DEPLOYMENT_TARGET = 16.2;
				MARKETING_VERSION = 1.0;
				PRODUCT_BUNDLE_IDENTIFIER = "com.mkondo.SwiftUI-SpotifyAppTests";
				PRODUCT_NAME = "$(TARGET_NAME)";
				SWIFT_EMIT_LOC_STRINGS = NO;
				SWIFT_VERSION = 5.0;
				TARGETED_DEVICE_FAMILY = "1,2";
				TEST_HOST = "$(BUILT_PRODUCTS_DIR)/SwiftUI-SpotifyApp.app/$(BUNDLE_EXECUTABLE_FOLDER_PATH)/SwiftUI-SpotifyApp";
			};
			name = Release;
		};
		95BBB995295185040066E80A /* Debug */ = {
			isa = XCBuildConfiguration;
			buildSettings = {
				ALWAYS_EMBED_SWIFT_STANDARD_LIBRARIES = YES;
				CODE_SIGN_STYLE = Automatic;
				CURRENT_PROJECT_VERSION = 1;
				DEVELOPMENT_TEAM = 7X9S244452;
				GENERATE_INFOPLIST_FILE = YES;
				MARKETING_VERSION = 1.0;
				PRODUCT_BUNDLE_IDENTIFIER = "com.mkondo.SwiftUI-SpotifyAppUITests";
				PRODUCT_NAME = "$(TARGET_NAME)";
				SWIFT_EMIT_LOC_STRINGS = NO;
				SWIFT_VERSION = 5.0;
				TARGETED_DEVICE_FAMILY = "1,2";
				TEST_TARGET_NAME = "SwiftUI-SpotifyApp";
			};
			name = Debug;
		};
		95BBB996295185040066E80A /* Release */ = {
			isa = XCBuildConfiguration;
			buildSettings = {
				ALWAYS_EMBED_SWIFT_STANDARD_LIBRARIES = YES;
				CODE_SIGN_STYLE = Automatic;
				CURRENT_PROJECT_VERSION = 1;
				DEVELOPMENT_TEAM = 7X9S244452;
				GENERATE_INFOPLIST_FILE = YES;
				MARKETING_VERSION = 1.0;
				PRODUCT_BUNDLE_IDENTIFIER = "com.mkondo.SwiftUI-SpotifyAppUITests";
				PRODUCT_NAME = "$(TARGET_NAME)";
				SWIFT_EMIT_LOC_STRINGS = NO;
				SWIFT_VERSION = 5.0;
				TARGETED_DEVICE_FAMILY = "1,2";
				TEST_TARGET_NAME = "SwiftUI-SpotifyApp";
			};
			name = Release;
		};
/* End XCBuildConfiguration section */

/* Begin XCConfigurationList section */
		95BBB965295185020066E80A /* Build configuration list for PBXProject "SwiftUI-SpotifyApp" */ = {
			isa = XCConfigurationList;
			buildConfigurations = (
				95BBB98C295185040066E80A /* Debug */,
				95BBB98D295185040066E80A /* Release */,
			);
			defaultConfigurationIsVisible = 0;
			defaultConfigurationName = Release;
		};
		95BBB98E295185040066E80A /* Build configuration list for PBXNativeTarget "SwiftUI-SpotifyApp" */ = {
			isa = XCConfigurationList;
			buildConfigurations = (
				95BBB98F295185040066E80A /* Debug */,
				95BBB990295185040066E80A /* Release */,
			);
			defaultConfigurationIsVisible = 0;
			defaultConfigurationName = Release;
		};
		95BBB991295185040066E80A /* Build configuration list for PBXNativeTarget "SwiftUI-SpotifyAppTests" */ = {
			isa = XCConfigurationList;
			buildConfigurations = (
				95BBB992295185040066E80A /* Debug */,
				95BBB993295185040066E80A /* Release */,
			);
			defaultConfigurationIsVisible = 0;
			defaultConfigurationName = Release;
		};
		95BBB994295185040066E80A /* Build configuration list for PBXNativeTarget "SwiftUI-SpotifyAppUITests" */ = {
			isa = XCConfigurationList;
			buildConfigurations = (
				95BBB995295185040066E80A /* Debug */,
				95BBB996295185040066E80A /* Release */,
			);
			defaultConfigurationIsVisible = 0;
			defaultConfigurationName = Release;
		};
/* End XCConfigurationList section */
	};
	rootObject = 95BBB962295185020066E80A /* Project object */;
}
